
Microsoft Visual Studio Solution File, Format Version 12.00
# Visual Studio Version 17
VisualStudioVersion = 17.0.32014.148
MinimumVisualStudioVersion = 10.0.40219.1
Project("{FAE04EC0-301F-11D3-BF4B-00C04F79EFBC}") = "REGEXProblemsWithExceptionHandling", "REGEXProblemsWithExceptionHandling.csproj", "{AC46FE5E-6C57-4B50-8620-4EB1791FB339}"
EndProject
Global
	GlobalSection(SolutionConfigurationPlatforms) = preSolution
		Debug|Any CPU = Debug|Any CPU
		Release|Any CPU = Release|Any CPU
	EndGlobalSection
	GlobalSection(ProjectConfigurationPlatforms) = postSolution
		{AC46FE5E-6C57-4B50-8620-4EB1791FB339}.Debug|Any CPU.ActiveCfg = Debug|Any CPU
		{AC46FE5E-6C57-4B50-8620-4EB1791FB339}.Debug|Any CPU.Build.0 = Debug|Any CPU
		{AC46FE5E-6C57-4B50-8620-4EB1791FB339}.Release|Any CPU.ActiveCfg = Release|Any CPU
		{AC46FE5E-6C57-4B50-8620-4EB1791FB339}.Release|Any CPU.Build.0 = Release|Any CPU
	EndGlobalSection
	GlobalSection(SolutionProperties) = preSolution
		HideSolutionNode = FALSE
	EndGlobalSection
	GlobalSection(ExtensibilityGlobals) = postSolution
		SolutionGuid = {A194BC52-D67B-4FFC-95D4-194C3042BE02}
	EndGlobalSection
EndGlobal
